// !$*UTF8*$!
{
	archiveVersion = 1;
	classes = {
	};
	objectVersion = 46;
	objects = {

/* Begin PBXBuildFile section */
		23543090525753829F0C3A7E /* Pods_Swiftagram.framework in Frameworks */ = {isa = PBXBuildFile; fileRef = 9EE114C5B1CD040D03EEA207 /* Pods_Swiftagram.framework */; };
		79A845F71D746D8300DCA8E1 /* PostViewController.swift in Sources */ = {isa = PBXBuildFile; fileRef = 79A845F61D746D8300DCA8E1 /* PostViewController.swift */; };
		79D90AFF1D7477DA004AEB7B /* FeedTableViewCell.swift in Sources */ = {isa = PBXBuildFile; fileRef = 79D90AFE1D7477DA004AEB7B /* FeedTableViewCell.swift */; };
		79F3954B1D744D8B005A60A1 /* AppDelegate.swift in Sources */ = {isa = PBXBuildFile; fileRef = 79F3954A1D744D8B005A60A1 /* AppDelegate.swift */; };
		79F3954D1D744D8B005A60A1 /* ViewController.swift in Sources */ = {isa = PBXBuildFile; fileRef = 79F3954C1D744D8B005A60A1 /* ViewController.swift */; };
		79F395501D744D8B005A60A1 /* Main.storyboard in Resources */ = {isa = PBXBuildFile; fileRef = 79F3954E1D744D8B005A60A1 /* Main.storyboard */; };
		79F395521D744D8B005A60A1 /* Assets.xcassets in Resources */ = {isa = PBXBuildFile; fileRef = 79F395511D744D8B005A60A1 /* Assets.xcassets */; };
		79F395551D744D8B005A60A1 /* LaunchScreen.storyboard in Resources */ = {isa = PBXBuildFile; fileRef = 79F395531D744D8B005A60A1 /* LaunchScreen.storyboard */; };
		79F395611D745C08005A60A1 /* UsersTableViewController.swift in Sources */ = {isa = PBXBuildFile; fileRef = 79F395601D745C08005A60A1 /* UsersTableViewController.swift */; };
		79F66BB21D7472DC00A6DA5F /* FeedTableViewController.swift in Sources */ = {isa = PBXBuildFile; fileRef = 79F66BB11D7472DC00A6DA5F /* FeedTableViewController.swift */; };
/* End PBXBuildFile section */

/* Begin PBXFileReference section */
		6611B3863A46483FEF6F84D5 /* Pods-Swiftagram.release.xcconfig */ = {isa = PBXFileReference; includeInIndex = 1; lastKnownFileType = text.xcconfig; name = "Pods-Swiftagram.release.xcconfig"; path = "Pods/Target Support Files/Pods-Swiftagram/Pods-Swiftagram.release.xcconfig"; sourceTree = "<group>"; };
		79A845F61D746D8300DCA8E1 /* PostViewController.swift */ = {isa = PBXFileReference; fileEncoding = 4; lastKnownFileType = sourcecode.swift; path = PostViewController.swift; sourceTree = "<group>"; };
		79D90AFE1D7477DA004AEB7B /* FeedTableViewCell.swift */ = {isa = PBXFileReference; fileEncoding = 4; lastKnownFileType = sourcecode.swift; path = FeedTableViewCell.swift; sourceTree = "<group>"; };
		79F395471D744D8B005A60A1 /* Swiftagram.app */ = {isa = PBXFileReference; explicitFileType = wrapper.application; includeInIndex = 0; path = Swiftagram.app; sourceTree = BUILT_PRODUCTS_DIR; };
		79F3954A1D744D8B005A60A1 /* AppDelegate.swift */ = {isa = PBXFileReference; lastKnownFileType = sourcecode.swift; path = AppDelegate.swift; sourceTree = "<group>"; };
		79F3954C1D744D8B005A60A1 /* ViewController.swift */ = {isa = PBXFileReference; lastKnownFileType = sourcecode.swift; path = ViewController.swift; sourceTree = "<group>"; };
		79F3954F1D744D8B005A60A1 /* Base */ = {isa = PBXFileReference; lastKnownFileType = file.storyboard; name = Base; path = Base.lproj/Main.storyboard; sourceTree = "<group>"; };
		79F395511D744D8B005A60A1 /* Assets.xcassets */ = {isa = PBXFileReference; lastKnownFileType = folder.assetcatalog; path = Assets.xcassets; sourceTree = "<group>"; };
		79F395541D744D8B005A60A1 /* Base */ = {isa = PBXFileReference; lastKnownFileType = file.storyboard; name = Base; path = Base.lproj/LaunchScreen.storyboard; sourceTree = "<group>"; };
		79F395561D744D8B005A60A1 /* Info.plist */ = {isa = PBXFileReference; lastKnownFileType = text.plist.xml; path = Info.plist; sourceTree = "<group>"; };
		79F3955F1D7458A2005A60A1 /* Swiftagram.entitlements */ = {isa = PBXFileReference; lastKnownFileType = text.plist.entitlements; path = Swiftagram.entitlements; sourceTree = "<group>"; };
		79F395601D745C08005A60A1 /* UsersTableViewController.swift */ = {isa = PBXFileReference; fileEncoding = 4; lastKnownFileType = sourcecode.swift; path = UsersTableViewController.swift; sourceTree = "<group>"; };
		79F66BB11D7472DC00A6DA5F /* FeedTableViewController.swift */ = {isa = PBXFileReference; fileEncoding = 4; lastKnownFileType = sourcecode.swift; path = FeedTableViewController.swift; sourceTree = "<group>"; };
		9EE114C5B1CD040D03EEA207 /* Pods_Swiftagram.framework */ = {isa = PBXFileReference; explicitFileType = wrapper.framework; includeInIndex = 0; path = Pods_Swiftagram.framework; sourceTree = BUILT_PRODUCTS_DIR; };
		A3EB74C8DC484CC942D7F341 /* Pods-Swiftagram.debug.xcconfig */ = {isa = PBXFileReference; includeInIndex = 1; lastKnownFileType = text.xcconfig; name = "Pods-Swiftagram.debug.xcconfig"; path = "Pods/Target Support Files/Pods-Swiftagram/Pods-Swiftagram.debug.xcconfig"; sourceTree = "<group>"; };
/* End PBXFileReference section */

/* Begin PBXFrameworksBuildPhase section */
		79F395441D744D8B005A60A1 /* Frameworks */ = {
			isa = PBXFrameworksBuildPhase;
			buildActionMask = 2147483647;
			files = (
				23543090525753829F0C3A7E /* Pods_Swiftagram.framework in Frameworks */,
			);
			runOnlyForDeploymentPostprocessing = 0;
		};
/* End PBXFrameworksBuildPhase section */

/* Begin PBXGroup section */
		3B28AAFB99F6D4A87DD4039E /* Frameworks */ = {
			isa = PBXGroup;
			children = (
				9EE114C5B1CD040D03EEA207 /* Pods_Swiftagram.framework */,
			);
			name = Frameworks;
			sourceTree = "<group>";
		};
		72BCF3D75A823C8EB8FC70F7 /* Pods */ = {
			isa = PBXGroup;
			children = (
				A3EB74C8DC484CC942D7F341 /* Pods-Swiftagram.debug.xcconfig */,
				6611B3863A46483FEF6F84D5 /* Pods-Swiftagram.release.xcconfig */,
			);
			name = Pods;
			sourceTree = "<group>";
		};
		79F3953E1D744D8B005A60A1 = {
			isa = PBXGroup;
			children = (
				79F395491D744D8B005A60A1 /* Swiftagram */,
				79F395481D744D8B005A60A1 /* Products */,
				72BCF3D75A823C8EB8FC70F7 /* Pods */,
				3B28AAFB99F6D4A87DD4039E /* Frameworks */,
			);
			sourceTree = "<group>";
		};
		79F395481D744D8B005A60A1 /* Products */ = {
			isa = PBXGroup;
			children = (
				79F395471D744D8B005A60A1 /* Swiftagram.app */,
			);
			name = Products;
			sourceTree = "<group>";
		};
		79F395491D744D8B005A60A1 /* Swiftagram */ = {
			isa = PBXGroup;
			children = (
				79F3955F1D7458A2005A60A1 /* Swiftagram.entitlements */,
				79F3954C1D744D8B005A60A1 /* ViewController.swift */,
				79F395601D745C08005A60A1 /* UsersTableViewController.swift */,
				79A845F61D746D8300DCA8E1 /* PostViewController.swift */,
				79F66BB11D7472DC00A6DA5F /* FeedTableViewController.swift */,
				79D90AFE1D7477DA004AEB7B /* FeedTableViewCell.swift */,
				79F3954E1D744D8B005A60A1 /* Main.storyboard */,
				79F395531D744D8B005A60A1 /* LaunchScreen.storyboard */,
				79F3955C1D744EBD005A60A1 /* Supporting Files */,
			);
			path = Swiftagram;
			sourceTree = "<group>";
		};
		79F3955C1D744EBD005A60A1 /* Supporting Files */ = {
			isa = PBXGroup;
			children = (
				79F3954A1D744D8B005A60A1 /* AppDelegate.swift */,
				79F395511D744D8B005A60A1 /* Assets.xcassets */,
				79F395561D744D8B005A60A1 /* Info.plist */,
			);
			name = "Supporting Files";
			sourceTree = "<group>";
		};
/* End PBXGroup section */

/* Begin PBXNativeTarget section */
		79F395461D744D8B005A60A1 /* Swiftagram */ = {
			isa = PBXNativeTarget;
			buildConfigurationList = 79F395591D744D8B005A60A1 /* Build configuration list for PBXNativeTarget "Swiftagram" */;
			buildPhases = (
				71FBC099E817157C1D5EFA8F /* [CP] Check Pods Manifest.lock */,
				79F395431D744D8B005A60A1 /* Sources */,
				79F395441D744D8B005A60A1 /* Frameworks */,
				79F395451D744D8B005A60A1 /* Resources */,
				06E163F8FB99FCD6862B0746 /* [CP] Embed Pods Frameworks */,
				9393703F151597FB3C9F9754 /* [CP] Copy Pods Resources */,
			);
			buildRules = (
			);
			dependencies = (
			);
			name = Swiftagram;
			productName = Swiftagram;
			productReference = 79F395471D744D8B005A60A1 /* Swiftagram.app */;
			productType = "com.apple.product-type.application";
		};
/* End PBXNativeTarget section */

/* Begin PBXProject section */
		79F3953F1D744D8B005A60A1 /* Project object */ = {
			isa = PBXProject;
			attributes = {
				LastSwiftUpdateCheck = 0800;
				LastUpgradeCheck = 0800;
				ORGANIZATIONNAME = "Ethan Thomas";
				TargetAttributes = {
					79F395461D744D8B005A60A1 = {
						CreatedOnToolsVersion = 8.0;
						DevelopmentTeam = 5SBW7AT5HT;
						ProvisioningStyle = Automatic;
						SystemCapabilities = {
							com.apple.Keychain = {
								enabled = 1;
							};
						};
					};
				};
			};
			buildConfigurationList = 79F395421D744D8B005A60A1 /* Build configuration list for PBXProject "Swiftagram" */;
			compatibilityVersion = "Xcode 3.2";
			developmentRegion = English;
			hasScannedForEncodings = 0;
			knownRegions = (
				en,
				Base,
			);
			mainGroup = 79F3953E1D744D8B005A60A1;
			productRefGroup = 79F395481D744D8B005A60A1 /* Products */;
			projectDirPath = "";
			projectRoot = "";
			targets = (
				79F395461D744D8B005A60A1 /* Swiftagram */,
			);
		};
/* End PBXProject section */

/* Begin PBXResourcesBuildPhase section */
		79F395451D744D8B005A60A1 /* Resources */ = {
			isa = PBXResourcesBuildPhase;
			buildActionMask = 2147483647;
			files = (
				79F395551D744D8B005A60A1 /* LaunchScreen.storyboard in Resources */,
				79F395521D744D8B005A60A1 /* Assets.xcassets in Resources */,
				79F395501D744D8B005A60A1 /* Main.storyboard in Resources */,
			);
			runOnlyForDeploymentPostprocessing = 0;
		};
/* End PBXResourcesBuildPhase section */

/* Begin PBXShellScriptBuildPhase section */
		06E163F8FB99FCD6862B0746 /* [CP] Embed Pods Frameworks */ = {
			isa = PBXShellScriptBuildPhase;
			buildActionMask = 2147483647;
			files = (
			);
			inputPaths = (
			);
			name = "[CP] Embed Pods Frameworks";
			outputPaths = (
			);
			runOnlyForDeploymentPostprocessing = 0;
			shellPath = /bin/sh;
			shellScript = "\"${SRCROOT}/Pods/Target Support Files/Pods-Swiftagram/Pods-Swiftagram-frameworks.sh\"\n";
			showEnvVarsInLog = 0;
		};
		71FBC099E817157C1D5EFA8F /* [CP] Check Pods Manifest.lock */ = {
			isa = PBXShellScriptBuildPhase;
			buildActionMask = 2147483647;
			files = (
			);
			inputPaths = (
			);
			name = "[CP] Check Pods Manifest.lock";
			outputPaths = (
			);
			runOnlyForDeploymentPostprocessing = 0;
			shellPath = /bin/sh;
			shellScript = "diff \"${PODS_ROOT}/../Podfile.lock\" \"${PODS_ROOT}/Manifest.lock\" > /dev/null\nif [[ $? != 0 ]] ; then\n    cat << EOM\nerror: The sandbox is not in sync with the Podfile.lock. Run 'pod install' or update your CocoaPods installation.\nEOM\n    exit 1\nfi\n";
			showEnvVarsInLog = 0;
		};
		9393703F151597FB3C9F9754 /* [CP] Copy Pods Resources */ = {
			isa = PBXShellScriptBuildPhase;
			buildActionMask = 2147483647;
			files = (
			);
			inputPaths = (
			);
			name = "[CP] Copy Pods Resources";
			outputPaths = (
			);
			runOnlyForDeploymentPostprocessing = 0;
			shellPath = /bin/sh;
			shellScript = "\"${SRCROOT}/Pods/Target Support Files/Pods-Swiftagram/Pods-Swiftagram-resources.sh\"\n";
			showEnvVarsInLog = 0;
		};
/* End PBXShellScriptBuildPhase section */

/* Begin PBXSourcesBuildPhase section */
		79F395431D744D8B005A60A1 /* Sources */ = {
			isa = PBXSourcesBuildPhase;
			buildActionMask = 2147483647;
			files = (
				79F3954D1D744D8B005A60A1 /* ViewController.swift in Sources */,
				79D90AFF1D7477DA004AEB7B /* FeedTableViewCell.swift in Sources */,
				79F66BB21D7472DC00A6DA5F /* FeedTableViewController.swift in Sources */,
				79F395611D745C08005A60A1 /* UsersTableViewController.swift in Sources */,
				79F3954B1D744D8B005A60A1 /* AppDelegate.swift in Sources */,
				79A845F71D746D8300DCA8E1 /* PostViewController.swift in Sources */,
			);
			runOnlyForDeploymentPostprocessing = 0;
		};
/* End PBXSourcesBuildPhase section */

/* Begin PBXVariantGroup section */
		79F3954E1D744D8B005A60A1 /* Main.storyboard */ = {
			isa = PBXVariantGroup;
			children = (
				79F3954F1D744D8B005A60A1 /* Base */,
			);
			name = Main.storyboard;
			sourceTree = "<group>";
		};
		79F395531D744D8B005A60A1 /* LaunchScreen.storyboard */ = {
			isa = PBXVariantGroup;
			children = (
				79F395541D744D8B005A60A1 /* Base */,
			);
			name = LaunchScreen.storyboard;
			sourceTree = "<group>";
		};
/* End PBXVariantGroup section */

/* Begin XCBuildConfiguration section */
		79F395571D744D8B005A60A1 /* Debug */ = {
			isa = XCBuildConfiguration;
			buildSettings = {
				ALWAYS_SEARCH_USER_PATHS = NO;
				CLANG_ANALYZER_NONNULL = YES;
				CLANG_CXX_LANGUAGE_STANDARD = "gnu++0x";
				CLANG_CXX_LIBRARY = "libc++";
				CLANG_ENABLE_MODULES = YES;
				CLANG_ENABLE_OBJC_ARC = YES;
				CLANG_WARN_BOOL_CONVERSION = YES;
				CLANG_WARN_CONSTANT_CONVERSION = YES;
				CLANG_WARN_DIRECT_OBJC_ISA_USAGE = YES_ERROR;
				CLANG_WARN_DOCUMENTATION_COMMENTS = YES;
				CLANG_WARN_EMPTY_BODY = YES;
				CLANG_WARN_ENUM_CONVERSION = YES;
				CLANG_WARN_INFINITE_RECURSION = YES;
				CLANG_WARN_INT_CONVERSION = YES;
				CLANG_WARN_OBJC_ROOT_CLASS = YES_ERROR;
				CLANG_WARN_SUSPICIOUS_MOVE = YES;
				CLANG_WARN_SUSPICIOUS_MOVES = YES;
				CLANG_WARN_UNREACHABLE_CODE = YES;
				CLANG_WARN__DUPLICATE_METHOD_MATCH = YES;
				"CODE_SIGN_IDENTITY[sdk=iphoneos*]" = "iPhone Developer";
				COPY_PHASE_STRIP = NO;
				DEBUG_INFORMATION_FORMAT = dwarf;
				ENABLE_STRICT_OBJC_MSGSEND = YES;
				ENABLE_TESTABILITY = YES;
				GCC_C_LANGUAGE_STANDARD = gnu99;
				GCC_DYNAMIC_NO_PIC = NO;
				GCC_NO_COMMON_BLOCKS = YES;
				GCC_OPTIMIZATION_LEVEL = 0;
				GCC_PREPROCESSOR_DEFINITIONS = (
					"DEBUG=1",
					"$(inherited)",
				);
				GCC_WARN_64_TO_32_BIT_CONVERSION = YES;
				GCC_WARN_ABOUT_RETURN_TYPE = YES_ERROR;
				GCC_WARN_UNDECLARED_SELECTOR = YES;
				GCC_WARN_UNINITIALIZED_AUTOS = YES_AGGRESSIVE;
				GCC_WARN_UNUSED_FUNCTION = YES;
				GCC_WARN_UNUSED_VARIABLE = YES;
				IPHONEOS_DEPLOYMENT_TARGET = 10.0;
				MTL_ENABLE_DEBUG_INFO = YES;
				ONLY_ACTIVE_ARCH = YES;
				SDKROOT = iphoneos;
				SWIFT_ACTIVE_COMPILATION_CONDITIONS = DEBUG;
				SWIFT_OPTIMIZATION_LEVEL = "-Onone";
				TARGETED_DEVICE_FAMILY = "1,2";
			};
			name = Debug;
		};
		79F395581D744D8B005A60A1 /* Release */ = {
			isa = XCBuildConfiguration;
			buildSettings = {
				ALWAYS_SEARCH_USER_PATHS = NO;
				CLANG_ANALYZER_NONNULL = YES;
				CLANG_CXX_LANGUAGE_STANDARD = "gnu++0x";
				CLANG_CXX_LIBRARY = "libc++";
				CLANG_ENABLE_MODULES = YES;
				CLANG_ENABLE_OBJC_ARC = YES;
				CLANG_WARN_BOOL_CONVERSION = YES;
				CLANG_WARN_CONSTANT_CONVERSION = YES;
				CLANG_WARN_DIRECT_OBJC_ISA_USAGE = YES_ERROR;
				CLANG_WARN_DOCUMENTATION_COMMENTS = YES;
				CLANG_WARN_EMPTY_BODY = YES;
				CLANG_WARN_ENUM_CONVERSION = YES;
				CLANG_WARN_INFINITE_RECURSION = YES;
				CLANG_WARN_INT_CONVERSION = YES;
				CLANG_WARN_OBJC_ROOT_CLASS = YES_ERROR;
				CLANG_WARN_SUSPICIOUS_MOVE = YES;
				CLANG_WARN_SUSPICIOUS_MOVES = YES;
				CLANG_WARN_UNREACHABLE_CODE = YES;
				CLANG_WARN__DUPLICATE_METHOD_MATCH = YES;
				"CODE_SIGN_IDENTITY[sdk=iphoneos*]" = "iPhone Developer";
				COPY_PHASE_STRIP = NO;
				DEBUG_INFORMATION_FORMAT = "dwarf-with-dsym";
				ENABLE_NS_ASSERTIONS = NO;
				ENABLE_STRICT_OBJC_MSGSEND = YES;
				GCC_C_LANGUAGE_STANDARD = gnu99;
				GCC_NO_COMMON_BLOCKS = YES;
				GCC_WARN_64_TO_32_BIT_CONVERSION = YES;
				GCC_WARN_ABOUT_RETURN_TYPE = YES_ERROR;
				GCC_WARN_UNDECLARED_SELECTOR = YES;
				GCC_WARN_UNINITIALIZED_AUTOS = YES_AGGRESSIVE;
				GCC_WARN_UNUSED_FUNCTION = YES;
				GCC_WARN_UNUSED_VARIABLE = YES;
				IPHONEOS_DEPLOYMENT_TARGET = 10.0;
				MTL_ENABLE_DEBUG_INFO = NO;
				SDKROOT = iphoneos;
				SWIFT_OPTIMIZATION_LEVEL = "-Owholemodule";
				TARGETED_DEVICE_FAMILY = "1,2";
				VALIDATE_PRODUCT = YES;
			};
			name = Release;
		};
		79F3955A1D744D8B005A60A1 /* Debug */ = {
			isa = XCBuildConfiguration;
			baseConfigurationReference = A3EB74C8DC484CC942D7F341 /* Pods-Swiftagram.debug.xcconfig */;
			buildSettings = {
				ASSETCATALOG_COMPILER_APPICON_NAME = AppIcon;
				CODE_SIGN_ENTITLEMENTS = Swiftagram/Swiftagram.entitlements;
				DEVELOPMENT_TEAM = 5SBW7AT5HT;
				INFOPLIST_FILE = Swiftagram/Info.plist;
				LD_RUNPATH_SEARCH_PATHS = "$(inherited) @executable_path/Frameworks";
				PRODUCT_BUNDLE_IDENTIFIER = com.ethan.Swiftagram;
				PRODUCT_NAME = "$(TARGET_NAME)";
				SWIFT_VERSION = 3.0;
			};
			name = Debug;
		};
		79F3955B1D744D8B005A60A1 /* Release */ = {
			isa = XCBuildConfiguration;
			baseConfigurationReference = 6611B3863A46483FEF6F84D5 /* Pods-Swiftagram.release.xcconfig */;
			buildSettings = {
				ASSETCATALOG_COMPILER_APPICON_NAME = AppIcon;
				CODE_SIGN_ENTITLEMENTS = Swiftagram/Swiftagram.entitlements;
				DEVELOPMENT_TEAM = 5SBW7AT5HT;
				INFOPLIST_FILE = Swiftagram/Info.plist;
				LD_RUNPATH_SEARCH_PATHS = "$(inherited) @executable_path/Frameworks";
				PRODUCT_BUNDLE_IDENTIFIER = com.ethan.Swiftagram;
				PRODUCT_NAME = "$(TARGET_NAME)";
				SWIFT_VERSION = 3.0;
			};
			name = Release;
		};
/* End XCBuildConfiguration section */

/* Begin XCConfigurationList section */
		79F395421D744D8B005A60A1 /* Build configuration list for PBXProject "Swiftagram" */ = {
			isa = XCConfigurationList;
			buildConfigurations = (
				79F395571D744D8B005A60A1 /* Debug */,
				79F395581D744D8B005A60A1 /* Release */,
			);
			defaultConfigurationIsVisible = 0;
			defaultConfigurationName = Release;
		};
		79F395591D744D8B005A60A1 /* Build configuration list for PBXNativeTarget "Swiftagram" */ = {
			isa = XCConfigurationList;
			buildConfigurations = (
				79F3955A1D744D8B005A60A1 /* Debug */,
				79F3955B1D744D8B005A60A1 /* Release */,
			);
			defaultConfigurationIsVisible = 0;
			defaultConfigurationName = Release;
		};
/* End XCConfigurationList section */
	};
	rootObject = 79F3953F1D744D8B005A60A1 /* Project object */;
}
